github.com/bang-go/network v0.0.2 h1:Z8/jvzlfUn2wqUuQC9mvnZu1KCc8rWVf3h+9HvMN4/4=
github.com/bang-go/network v0.0.2/go.mod h1:UqwqBfNfPgpkhhrEyt5hXkC4/tJyl8+1DatoymnJ5Bo=
github.com/bang-go/opt v0.0.2 h1:kuertp3O/YmrHeLHkNgHNJyNBuAHp7QUMr1gs6fNxfc=
github.com/bang-go/opt v0.0.2/go.mod h1:KwqfP/1zbewrPjZFa6JWAf6O4fWH0YEiTrJgdOe9sLM=
